// !$*UTF8*$!
{
	archiveVersion = 1;
	classes = {
	};
	objectVersion = 50;
	objects = {

/* Begin PBXBuildFile section */
		3F4CEEDB2723100200EB83A3 /* Three_Letter_Word_HackwichApp.swift in Sources */ = {isa = PBXBuildFile; fileRef = 3F4CEEDA2723100200EB83A3 /* Three_Letter_Word_HackwichApp.swift */; };
		3F4CEEDD2723100200EB83A3 /* ContentView.swift in Sources */ = {isa = PBXBuildFile; fileRef = 3F4CEEDC2723100200EB83A3 /* ContentView.swift */; };
		3F4CEEDF2723100B00EB83A3 /* Assets.xcassets in Resources */ = {isa = PBXBuildFile; fileRef = 3F4CEEDE2723100B00EB83A3 /* Assets.xcassets */; };
		3F4CEEE22723100B00EB83A3 /* Preview Assets.xcassets in Resources */ = {isa = PBXBuildFile; fileRef = 3F4CEEE12723100B00EB83A3 /* Preview Assets.xcassets */; };
		3F4CEEED2723100B00EB83A3 /* Three_Letter_Word_HackwichTests.swift in Sources */ = {isa = PBXBuildFile; fileRef = 3F4CEEEC2723100B00EB83A3 /* Three_Letter_Word_HackwichTests.swift */; };
		3F4CEEF82723100B00EB83A3 /* Three_Letter_Word_HackwichUITests.swift in Sources */ = {isa = PBXBuildFile; fileRef = 3F4CEEF72723100B00EB83A3 /* Three_Letter_Word_HackwichUITests.swift */; };
/* End PBXBuildFile section */

/* Begin PBXContainerItemProxy section */
		3F4CEEE92723100B00EB83A3 /* PBXContainerItemProxy */ = {
			isa = PBXContainerItemProxy;
			containerPortal = 3F4CEECF2723100200EB83A3 /* Project object */;
			proxyType = 1;
			remoteGlobalIDString = 3F4CEED62723100200EB83A3;
			remoteInfo = "Three Letter Word Hackwich";
		};
		3F4CEEF42723100B00EB83A3 /* PBXContainerItemProxy */ = {
			isa = PBXContainerItemProxy;
			containerPortal = 3F4CEECF2723100200EB83A3 /* Project object */;
			proxyType = 1;
			remoteGlobalIDString = 3F4CEED62723100200EB83A3;
			remoteInfo = "Three Letter Word Hackwich";
		};
/* End PBXContainerItemProxy section */

/* Begin PBXFileReference section */
		3F4CEED72723100200EB83A3 /* Three Letter Word Hackwich.app */ = {isa = PBXFileReference; explicitFileType = wrapper.application; includeInIndex = 0; path = "Three Letter Word Hackwich.app"; sourceTree = BUILT_PRODUCTS_DIR; };
		3F4CEEDA2723100200EB83A3 /* Three_Letter_Word_HackwichApp.swift */ = {isa = PBXFileReference; lastKnownFileType = sourcecode.swift; path = Three_Letter_Word_HackwichApp.swift; sourceTree = "<group>"; };
		3F4CEEDC2723100200EB83A3 /* ContentView.swift */ = {isa = PBXFileReference; lastKnownFileType = sourcecode.swift; path = ContentView.swift; sourceTree = "<group>"; };
		3F4CEEDE2723100B00EB83A3 /* Assets.xcassets */ = {isa = PBXFileReference; lastKnownFileType = folder.assetcatalog; path = Assets.xcassets; sourceTree = "<group>"; };
		3F4CEEE12723100B00EB83A3 /* Preview Assets.xcassets */ = {isa = PBXFileReference; lastKnownFileType = folder.assetcatalog; path = "Preview Assets.xcassets"; sourceTree = "<group>"; };
		3F4CEEE32723100B00EB83A3 /* Info.plist */ = {isa = PBXFileReference; lastKnownFileType = text.plist.xml; path = Info.plist; sourceTree = "<group>"; };
		3F4CEEE82723100B00EB83A3 /* Three Letter Word HackwichTests.xctest */ = {isa = PBXFileReference; explicitFileType = wrapper.cfbundle; includeInIndex = 0; path = "Three Letter Word HackwichTests.xctest"; sourceTree = BUILT_PRODUCTS_DIR; };
		3F4CEEEC2723100B00EB83A3 /* Three_Letter_Word_HackwichTests.swift */ = {isa = PBXFileReference; lastKnownFileType = sourcecode.swift; path = Three_Letter_Word_HackwichTests.swift; sourceTree = "<group>"; };
		3F4CEEEE2723100B00EB83A3 /* Info.plist */ = {isa = PBXFileReference; lastKnownFileType = text.plist.xml; path = Info.plist; sourceTree = "<group>"; };
		3F4CEEF32723100B00EB83A3 /* Three Letter Word HackwichUITests.xctest */ = {isa = PBXFileReference; explicitFileType = wrapper.cfbundle; includeInIndex = 0; path = "Three Letter Word HackwichUITests.xctest"; sourceTree = BUILT_PRODUCTS_DIR; };
		3F4CEEF72723100B00EB83A3 /* Three_Letter_Word_HackwichUITests.swift */ = {isa = PBXFileReference; lastKnownFileType = sourcecode.swift; path = Three_Letter_Word_HackwichUITests.swift; sourceTree = "<group>"; };
		3F4CEEF92723100B00EB83A3 /* Info.plist */ = {isa = PBXFileReference; lastKnownFileType = text.plist.xml; path = Info.plist; sourceTree = "<group>"; };
/* End PBXFileReference section */

/* Begin PBXFrameworksBuildPhase section */
		3F4CEED42723100200EB83A3 /* Frameworks */ = {
			isa = PBXFrameworksBuildPhase;
			buildActionMask = 2147483647;
			files = (
			);
			runOnlyForDeploymentPostprocessing = 0;
		};
		3F4CEEE52723100B00EB83A3 /* Frameworks */ = {
			isa = PBXFrameworksBuildPhase;
			buildActionMask = 2147483647;
			files = (
			);
			runOnlyForDeploymentPostprocessing = 0;
		};
		3F4CEEF02723100B00EB83A3 /* Frameworks */ = {
			isa = PBXFrameworksBuildPhase;
			buildActionMask = 2147483647;
			files = (
			);
			runOnlyForDeploymentPostprocessing = 0;
		};
/* End PBXFrameworksBuildPhase section */

/* Begin PBXGroup section */
		3F4CEECE2723100200EB83A3 = {
			isa = PBXGroup;
			children = (
				3F4CEED92723100200EB83A3 /* Three Letter Word Hackwich */,
				3F4CEEEB2723100B00EB83A3 /* Three Letter Word HackwichTests */,
				3F4CEEF62723100B00EB83A3 /* Three Letter Word HackwichUITests */,
				3F4CEED82723100200EB83A3 /* Products */,
			);
			sourceTree = "<group>";
		};
		3F4CEED82723100200EB83A3 /* Products */ = {
			isa = PBXGroup;
			children = (
				3F4CEED72723100200EB83A3 /* Three Letter Word Hackwich.app */,
				3F4CEEE82723100B00EB83A3 /* Three Letter Word HackwichTests.xctest */,
				3F4CEEF32723100B00EB83A3 /* Three Letter Word HackwichUITests.xctest */,
			);
			name = Products;
			sourceTree = "<group>";
		};
		3F4CEED92723100200EB83A3 /* Three Letter Word Hackwich */ = {
			isa = PBXGroup;
			children = (
				3F4CEEDA2723100200EB83A3 /* Three_Letter_Word_HackwichApp.swift */,
				3F4CEEDC2723100200EB83A3 /* ContentView.swift */,
				3F4CEEDE2723100B00EB83A3 /* Assets.xcassets */,
				3F4CEEE32723100B00EB83A3 /* Info.plist */,
				3F4CEEE02723100B00EB83A3 /* Preview Content */,
			);
			path = "Three Letter Word Hackwich";
			sourceTree = "<group>";
		};
		3F4CEEE02723100B00EB83A3 /* Preview Content */ = {
			isa = PBXGroup;
			children = (
				3F4CEEE12723100B00EB83A3 /* Preview Assets.xcassets */,
			);
			path = "Preview Content";
			sourceTree = "<group>";
		};
		3F4CEEEB2723100B00EB83A3 /* Three Letter Word HackwichTests */ = {
			isa = PBXGroup;
			children = (
				3F4CEEEC2723100B00EB83A3 /* Three_Letter_Word_HackwichTests.swift */,
				3F4CEEEE2723100B00EB83A3 /* Info.plist */,
			);
			path = "Three Letter Word HackwichTests";
			sourceTree = "<group>";
		};
		3F4CEEF62723100B00EB83A3 /* Three Letter Word HackwichUITests */ = {
			isa = PBXGroup;
			children = (
				3F4CEEF72723100B00EB83A3 /* Three_Letter_Word_HackwichUITests.swift */,
				3F4CEEF92723100B00EB83A3 /* Info.plist */,
			);
			path = "Three Letter Word HackwichUITests";
			sourceTree = "<group>";
		};
/* End PBXGroup section */

/* Begin PBXNativeTarget section */
		3F4CEED62723100200EB83A3 /* Three Letter Word Hackwich */ = {
			isa = PBXNativeTarget;
			buildConfigurationList = 3F4CEEFC2723100B00EB83A3 /* Build configuration list for PBXNativeTarget "Three Letter Word Hackwich" */;
			buildPhases = (
				3F4CEED32723100200EB83A3 /* Sources */,
				3F4CEED42723100200EB83A3 /* Frameworks */,
				3F4CEED52723100200EB83A3 /* Resources */,
			);
			buildRules = (
			);
			dependencies = (
			);
			name = "Three Letter Word Hackwich";
			productName = "Three Letter Word Hackwich";
			productReference = 3F4CEED72723100200EB83A3 /* Three Letter Word Hackwich.app */;
			productType = "com.apple.product-type.application";
		};
		3F4CEEE72723100B00EB83A3 /* Three Letter Word HackwichTests */ = {
			isa = PBXNativeTarget;
			buildConfigurationList = 3F4CEEFF2723100B00EB83A3 /* Build configuration list for PBXNativeTarget "Three Letter Word HackwichTests" */;
			buildPhases = (
				3F4CEEE42723100B00EB83A3 /* Sources */,
				3F4CEEE52723100B00EB83A3 /* Frameworks */,
				3F4CEEE62723100B00EB83A3 /* Resources */,
			);
			buildRules = (
			);
			dependencies = (
				3F4CEEEA2723100B00EB83A3 /* PBXTargetDependency */,
			);
			name = "Three Letter Word HackwichTests";
			productName = "Three Letter Word HackwichTests";
			productReference = 3F4CEEE82723100B00EB83A3 /* Three Letter Word HackwichTests.xctest */;
			productType = "com.apple.product-type.bundle.unit-test";
		};
		3F4CEEF22723100B00EB83A3 /* Three Letter Word HackwichUITests */ = {
			isa = PBXNativeTarget;
			buildConfigurationList = 3F4CEF022723100B00EB83A3 /* Build configuration list for PBXNativeTarget "Three Letter Word HackwichUITests" */;
			buildPhases = (
				3F4CEEEF2723100B00EB83A3 /* Sources */,
				3F4CEEF02723100B00EB83A3 /* Frameworks */,
				3F4CEEF12723100B00EB83A3 /* Resources */,
			);
			buildRules = (
			);
			dependencies = (
				3F4CEEF52723100B00EB83A3 /* PBXTargetDependency */,
			);
			name = "Three Letter Word HackwichUITests";
			productName = "Three Letter Word HackwichUITests";
			productReference = 3F4CEEF32723100B00EB83A3 /* Three Letter Word HackwichUITests.xctest */;
			productType = "com.apple.product-type.bundle.ui-testing";
		};
/* End PBXNativeTarget section */

/* Begin PBXProject section */
		3F4CEECF2723100200EB83A3 /* Project object */ = {
			isa = PBXProject;
			attributes = {
				LastSwiftUpdateCheck = 1250;
				LastUpgradeCheck = 1250;
				TargetAttributes = {
					3F4CEED62723100200EB83A3 = {
						CreatedOnToolsVersion = 12.5.1;
					};
					3F4CEEE72723100B00EB83A3 = {
						CreatedOnToolsVersion = 12.5.1;
						TestTargetID = 3F4CEED62723100200EB83A3;
					};
					3F4CEEF22723100B00EB83A3 = {
						CreatedOnToolsVersion = 12.5.1;
						TestTargetID = 3F4CEED62723100200EB83A3;
					};
				};
			};
			buildConfigurationList = 3F4CEED22723100200EB83A3 /* Build configuration list for PBXProject "Three Letter Word Hackwich" */;
			compatibilityVersion = "Xcode 9.3";
			developmentRegion = en;
			hasScannedForEncodings = 0;
			knownRegions = (
				en,
				Base,
			);
			mainGroup = 3F4CEECE2723100200EB83A3;
			productRefGroup = 3F4CEED82723100200EB83A3 /* Products */;
			projectDirPath = "";
			projectRoot = "";
			targets = (
				3F4CEED62723100200EB83A3 /* Three Letter Word Hackwich */,
				3F4CEEE72723100B00EB83A3 /* Three Letter Word HackwichTests */,
				3F4CEEF22723100B00EB83A3 /* Three Letter Word HackwichUITests */,
			);
		};
/* End PBXProject section */

/* Begin PBXResourcesBuildPhase section */
		3F4CEED52723100200EB83A3 /* Resources */ = {
			isa = PBXResourcesBuildPhase;
			buildActionMask = 2147483647;
			files = (
				3F4CEEE22723100B00EB83A3 /* Preview Assets.xcassets in Resources */,
				3F4CEEDF2723100B00EB83A3 /* Assets.xcassets in Resources */,
			);
			runOnlyForDeploymentPostprocessing = 0;
		};
		3F4CEEE62723100B00EB83A3 /* Resources */ = {
			isa = PBXResourcesBuildPhase;
			buildActionMask = 2147483647;
			files = (
			);
			runOnlyForDeploymentPostprocessing = 0;
		};
		3F4CEEF12723100B00EB83A3 /* Resources */ = {
			isa = PBXResourcesBuildPhase;
			buildActionMask = 2147483647;
			files = (
			);
			runOnlyForDeploymentPostprocessing = 0;
		};
/* End PBXResourcesBuildPhase section */

/* Begin PBXSourcesBuildPhase section */
		3F4CEED32723100200EB83A3 /* Sources */ = {
			isa = PBXSourcesBuildPhase;
			buildActionMask = 2147483647;
			files = (
				3F4CEEDD2723100200EB83A3 /* ContentView.swift in Sources */,
				3F4CEEDB2723100200EB83A3 /* Three_Letter_Word_HackwichApp.swift in Sources */,
			);
			runOnlyForDeploymentPostprocessing = 0;
		};
		3F4CEEE42723100B00EB83A3 /* Sources */ = {
			isa = PBXSourcesBuildPhase;
			buildActionMask = 2147483647;
			files = (
				3F4CEEED2723100B00EB83A3 /* Three_Letter_Word_HackwichTests.swift in Sources */,
			);
			runOnlyForDeploymentPostprocessing = 0;
		};
		3F4CEEEF2723100B00EB83A3 /* Sources */ = {
			isa = PBXSourcesBuildPhase;
			buildActionMask = 2147483647;
			files = (
				3F4CEEF82723100B00EB83A3 /* Three_Letter_Word_HackwichUITests.swift in Sources */,
			);
			runOnlyForDeploymentPostprocessing = 0;
		};
/* End PBXSourcesBuildPhase section */

/* Begin PBXTargetDependency section */
		3F4CEEEA2723100B00EB83A3 /* PBXTargetDependency */ = {
			isa = PBXTargetDependency;
			target = 3F4CEED62723100200EB83A3 /* Three Letter Word Hackwich */;
			targetProxy = 3F4CEEE92723100B00EB83A3 /* PBXContainerItemProxy */;
		};
		3F4CEEF52723100B00EB83A3 /* PBXTargetDependency */ = {
			isa = PBXTargetDependency;
			target = 3F4CEED62723100200EB83A3 /* Three Letter Word Hackwich */;
			targetProxy = 3F4CEEF42723100B00EB83A3 /* PBXContainerItemProxy */;
		};
/* End PBXTargetDependency section */

/* Begin XCBuildConfiguration section */
		3F4CEEFA2723100B00EB83A3 /* Debug */ = {
			isa = XCBuildConfiguration;
			buildSettings = {
				ALWAYS_SEARCH_USER_PATHS = NO;
				CLANG_ANALYZER_NONNULL = YES;
				CLANG_ANALYZER_NUMBER_OBJECT_CONVERSION = YES_AGGRESSIVE;
				CLANG_CXX_LANGUAGE_STANDARD = "gnu++14";
				CLANG_CXX_LIBRARY = "libc++";
				CLANG_ENABLE_MODULES = YES;
				CLANG_ENABLE_OBJC_ARC = YES;
				CLANG_ENABLE_OBJC_WEAK = YES;
				CLANG_WARN_BLOCK_CAPTURE_AUTORELEASING = YES;
				CLANG_WARN_BOOL_CONVERSION = YES;
				CLANG_WARN_COMMA = YES;
				CLANG_WARN_CONSTANT_CONVERSION = YES;
				CLANG_WARN_DEPRECATED_OBJC_IMPLEMENTATIONS = YES;
				CLANG_WARN_DIRECT_OBJC_ISA_USAGE = YES_ERROR;
				CLANG_WARN_DOCUMENTATION_COMMENTS = YES;
				CLANG_WARN_EMPTY_BODY = YES;
				CLANG_WARN_ENUM_CONVERSION = YES;
				CLANG_WARN_INFINITE_RECURSION = YES;
				CLANG_WARN_INT_CONVERSION = YES;
				CLANG_WARN_NON_LITERAL_NULL_CONVERSION = YES;
				CLANG_WARN_OBJC_IMPLICIT_RETAIN_SELF = YES;
				CLANG_WARN_OBJC_LITERAL_CONVERSION = YES;
				CLANG_WARN_OBJC_ROOT_CLASS = YES_ERROR;
				CLANG_WARN_QUOTED_INCLUDE_IN_FRAMEWORK_HEADER = YES;
				CLANG_WARN_RANGE_LOOP_ANALYSIS = YES;
				CLANG_WARN_STRICT_PROTOTYPES = YES;
				CLANG_WARN_SUSPICIOUS_MOVE = YES;
				CLANG_WARN_UNGUARDED_AVAILABILITY = YES_AGGRESSIVE;
				CLANG_WARN_UNREACHABLE_CODE = YES;
				CLANG_WARN__DUPLICATE_METHOD_MATCH = YES;
				COPY_PHASE_STRIP = NO;
				DEBUG_INFORMATION_FORMAT = dwarf;
				ENABLE_STRICT_OBJC_MSGSEND = YES;
				ENABLE_TESTABILITY = YES;
				GCC_C_LANGUAGE_STANDARD = gnu11;
				GCC_DYNAMIC_NO_PIC = NO;
				GCC_NO_COMMON_BLOCKS = YES;
				GCC_OPTIMIZATION_LEVEL = 0;
				GCC_PREPROCESSOR_DEFINITIONS = (
					"DEBUG=1",
					"$(inherited)",
				);
				GCC_WARN_64_TO_32_BIT_CONVERSION = YES;
				GCC_WARN_ABOUT_RETURN_TYPE = YES_ERROR;
				GCC_WARN_UNDECLARED_SELECTOR = YES;
				GCC_WARN_UNINITIALIZED_AUTOS = YES_AGGRESSIVE;
				GCC_WARN_UNUSED_FUNCTION = YES;
				GCC_WARN_UNUSED_VARIABLE = YES;
				IPHONEOS_DEPLOYMENT_TARGET = 14.5;
				MTL_ENABLE_DEBUG_INFO = INCLUDE_SOURCE;
				MTL_FAST_MATH = YES;
				ONLY_ACTIVE_ARCH = YES;
				SDKROOT = iphoneos;
				SWIFT_ACTIVE_COMPILATION_CONDITIONS = DEBUG;
				SWIFT_OPTIMIZATION_LEVEL = "-Onone";
			};
			name = Debug;
		};
		3F4CEEFB2723100B00EB83A3 /* Release */ = {
			isa = XCBuildConfiguration;
			buildSettings = {
				ALWAYS_SEARCH_USER_PATHS = NO;
				CLANG_ANALYZER_NONNULL = YES;
				CLANG_ANALYZER_NUMBER_OBJECT_CONVERSION = YES_AGGRESSIVE;
				CLANG_CXX_LANGUAGE_STANDARD = "gnu++14";
				CLANG_CXX_LIBRARY = "libc++";
				CLANG_ENABLE_MODULES = YES;
				CLANG_ENABLE_OBJC_ARC = YES;
				CLANG_ENABLE_OBJC_WEAK = YES;
				CLANG_WARN_BLOCK_CAPTURE_AUTORELEASING = YES;
				CLANG_WARN_BOOL_CONVERSION = YES;
				CLANG_WARN_COMMA = YES;
				CLANG_WARN_CONSTANT_CONVERSION = YES;
				CLANG_WARN_DEPRECATED_OBJC_IMPLEMENTATIONS = YES;
				CLANG_WARN_DIRECT_OBJC_ISA_USAGE = YES_ERROR;
				CLANG_WARN_DOCUMENTATION_COMMENTS = YES;
				CLANG_WARN_EMPTY_BODY = YES;
				CLANG_WARN_ENUM_CONVERSION = YES;
				CLANG_WARN_INFINITE_RECURSION = YES;
				CLANG_WARN_INT_CONVERSION = YES;
				CLANG_WARN_NON_LITERAL_NULL_CONVERSION = YES;
				CLANG_WARN_OBJC_IMPLICIT_RETAIN_SELF = YES;
				CLANG_WARN_OBJC_LITERAL_CONVERSION = YES;
				CLANG_WARN_OBJC_ROOT_CLASS = YES_ERROR;
				CLANG_WARN_QUOTED_INCLUDE_IN_FRAMEWORK_HEADER = YES;
				CLANG_WARN_RANGE_LOOP_ANALYSIS = YES;
				CLANG_WARN_STRICT_PROTOTYPES = YES;
				CLANG_WARN_SUSPICIOUS_MOVE = YES;
				CLANG_WARN_UNGUARDED_AVAILABILITY = YES_AGGRESSIVE;
				CLANG_WARN_UNREACHABLE_CODE = YES;
				CLANG_WARN__DUPLICATE_METHOD_MATCH = YES;
				COPY_PHASE_STRIP = NO;
				DEBUG_INFORMATION_FORMAT = "dwarf-with-dsym";
				ENABLE_NS_ASSERTIONS = NO;
				ENABLE_STRICT_OBJC_MSGSEND = YES;
				GCC_C_LANGUAGE_STANDARD = gnu11;
				GCC_NO_COMMON_BLOCKS = YES;
				GCC_WARN_64_TO_32_BIT_CONVERSION = YES;
				GCC_WARN_ABOUT_RETURN_TYPE = YES_ERROR;
				GCC_WARN_UNDECLARED_SELECTOR = YES;
				GCC_WARN_UNINITIALIZED_AUTOS = YES_AGGRESSIVE;
				GCC_WARN_UNUSED_FUNCTION = YES;
				GCC_WARN_UNUSED_VARIABLE = YES;
				IPHONEOS_DEPLOYMENT_TARGET = 14.5;
				MTL_ENABLE_DEBUG_INFO = NO;
				MTL_FAST_MATH = YES;
				SDKROOT = iphoneos;
				SWIFT_COMPILATION_MODE = wholemodule;
				SWIFT_OPTIMIZATION_LEVEL = "-O";
				VALIDATE_PRODUCT = YES;
			};
			name = Release;
		};
		3F4CEEFD2723100B00EB83A3 /* Debug */ = {
			isa = XCBuildConfiguration;
			buildSettings = {
				ASSETCATALOG_COMPILER_APPICON_NAME = AppIcon;
				ASSETCATALOG_COMPILER_GLOBAL_ACCENT_COLOR_NAME = AccentColor;
				CODE_SIGN_STYLE = Automatic;
				DEVELOPMENT_ASSET_PATHS = "\"Three Letter Word Hackwich/Preview Content\"";
				DEVELOPMENT_TEAM = 9MAZ73MT8K;
				ENABLE_PREVIEWS = YES;
				INFOPLIST_FILE = "Three Letter Word Hackwich/Info.plist";
				IPHONEOS_DEPLOYMENT_TARGET = 14.0;
				LD_RUNPATH_SEARCH_PATHS = (
					"$(inherited)",
					"@executable_path/Frameworks",
				);
				PRODUCT_BUNDLE_IDENTIFIER = "KSerek.Three-Letter-Word-Hackwich";
				PRODUCT_NAME = "$(TARGET_NAME)";
				SWIFT_VERSION = 5.0;
				TARGETED_DEVICE_FAMILY = "1,2";
			};
			name = Debug;
		};
		3F4CEEFE2723100B00EB83A3 /* Release */ = {
			isa = XCBuildConfiguration;
			buildSettings = {
				ASSETCATALOG_COMPILER_APPICON_NAME = AppIcon;
				ASSETCATALOG_COMPILER_GLOBAL_ACCENT_COLOR_NAME = AccentColor;
				CODE_SIGN_STYLE = Automatic;
				DEVELOPMENT_ASSET_PATHS = "\"Three Letter Word Hackwich/Preview Content\"";
				DEVELOPMENT_TEAM = 9MAZ73MT8K;
				ENABLE_PREVIEWS = YES;
				INFOPLIST_FILE = "Three Letter Word Hackwich/Info.plist";
				IPHONEOS_DEPLOYMENT_TARGET = 14.0;
				LD_RUNPATH_SEARCH_PATHS = (
					"$(inherited)",
					"@executable_path/Frameworks",
				);
				PRODUCT_BUNDLE_IDENTIFIER = "KSerek.Three-Letter-Word-Hackwich";
				PRODUCT_NAME = "$(TARGET_NAME)";
				SWIFT_VERSION = 5.0;
				TARGETED_DEVICE_FAMILY = "1,2";
			};
			name = Release;
		};
		3F4CEF002723100B00EB83A3 /* Debug */ = {
			isa = XCBuildConfiguration;
			buildSettings = {
				ALWAYS_EMBED_SWIFT_STANDARD_LIBRARIES = YES;
				BUNDLE_LOADER = "$(TEST_HOST)";
				CODE_SIGN_STYLE = Automatic;
				DEVELOPMENT_TEAM = 9MAZ73MT8K;
				INFOPLIST_FILE = "Three Letter Word HackwichTests/Info.plist";
				IPHONEOS_DEPLOYMENT_TARGET = 14.0;
				LD_RUNPATH_SEARCH_PATHS = (
					"$(inherited)",
					"@executable_path/Frameworks",
					"@loader_path/Frameworks",
				);
				PRODUCT_BUNDLE_IDENTIFIER = "KSerek.Three-Letter-Word-HackwichTests";
				PRODUCT_NAME = "$(TARGET_NAME)";
				SWIFT_VERSION = 5.0;
				TARGETED_DEVICE_FAMILY = "1,2";
				TEST_HOST = "$(BUILT_PRODUCTS_DIR)/Three Letter Word Hackwich.app/Three Letter Word Hackwich";
			};
			name = Debug;
		};
		3F4CEF012723100B00EB83A3 /* Release */ = {
			isa = XCBuildConfiguration;
			buildSettings = {
				ALWAYS_EMBED_SWIFT_STANDARD_LIBRARIES = YES;
				BUNDLE_LOADER = "$(TEST_HOST)";
				CODE_SIGN_STYLE = Automatic;
				DEVELOPMENT_TEAM = 9MAZ73MT8K;
				INFOPLIST_FILE = "Three Letter Word HackwichTests/Info.plist";
				IPHONEOS_DEPLOYMENT_TARGET = 14.0;
				LD_RUNPATH_SEARCH_PATHS = (
					"$(inherited)",
					"@executable_path/Frameworks",
					"@loader_path/Frameworks",
				);
				PRODUCT_BUNDLE_IDENTIFIER = "KSerek.Three-Letter-Word-HackwichTests";
				PRODUCT_NAME = "$(TARGET_NAME)";
				SWIFT_VERSION = 5.0;
				TARGETED_DEVICE_FAMILY = "1,2";
				TEST_HOST = "$(BUILT_PRODUCTS_DIR)/Three Letter Word Hackwich.app/Three Letter Word Hackwich";
			};
			name = Release;
		};
		3F4CEF032723100B00EB83A3 /* Debug */ = {
			isa = XCBuildConfiguration;
			buildSettings = {
				ALWAYS_EMBED_SWIFT_STANDARD_LIBRARIES = YES;
				CODE_SIGN_STYLE = Automatic;
				DEVELOPMENT_TEAM = 9MAZ73MT8K;
				INFOPLIST_FILE = "Three Letter Word HackwichUITests/Info.plist";
				LD_RUNPATH_SEARCH_PATHS = (
					"$(inherited)",
					"@executable_path/Frameworks",
					"@loader_path/Frameworks",
				);
				PRODUCT_BUNDLE_IDENTIFIER = "KSerek.Three-Letter-Word-HackwichUITests";
				PRODUCT_NAME = "$(TARGET_NAME)";
				SWIFT_VERSION = 5.0;
				TARGETED_DEVICE_FAMILY = "1,2";
				TEST_TARGET_NAME = "Three Letter Word Hackwich";
			};
			name = Debug;
		};
		3F4CEF042723100B00EB83A3 /* Release */ = {
			isa = XCBuildConfiguration;
			buildSettings = {
				ALWAYS_EMBED_SWIFT_STANDARD_LIBRARIES = YES;
				CODE_SIGN_STYLE = Automatic;
				DEVELOPMENT_TEAM = 9MAZ73MT8K;
				INFOPLIST_FILE = "Three Letter Word HackwichUITests/Info.plist";
				LD_RUNPATH_SEARCH_PATHS = (
					"$(inherited)",
					"@executable_path/Frameworks",
					"@loader_path/Frameworks",
				);
				PRODUCT_BUNDLE_IDENTIFIER = "KSerek.Three-Letter-Word-HackwichUITests";
				PRODUCT_NAME = "$(TARGET_NAME)";
				SWIFT_VERSION = 5.0;
				TARGETED_DEVICE_FAMILY = "1,2";
				TEST_TARGET_NAME = "Three Letter Word Hackwich";
			};
			name = Release;
		};
/* End XCBuildConfiguration section */

/* Begin XCConfigurationList section */
		3F4CEED22723100200EB83A3 /* Build configuration list for PBXProject "Three Letter Word Hackwich" */ = {
			isa = XCConfigurationList;
			buildConfigurations = (
				3F4CEEFA2723100B00EB83A3 /* Debug */,
				3F4CEEFB2723100B00EB83A3 /* Release */,
			);
			defaultConfigurationIsVisible = 0;
			defaultConfigurationName = Release;
		};
		3F4CEEFC2723100B00EB83A3 /* Build configuration list for PBXNativeTarget "Three Letter Word Hackwich" */ = {
			isa = XCConfigurationList;
			buildConfigurations = (
				3F4CEEFD2723100B00EB83A3 /* Debug */,
				3F4CEEFE2723100B00EB83A3 /* Release */,
			);
			defaultConfigurationIsVisible = 0;
			defaultConfigurationName = Release;
		};
		3F4CEEFF2723100B00EB83A3 /* Build configuration list for PBXNativeTarget "Three Letter Word HackwichTests" */ = {
			isa = XCConfigurationList;
			buildConfigurations = (
				3F4CEF002723100B00EB83A3 /* Debug */,
				3F4CEF012723100B00EB83A3 /* Release */,
			);
			defaultConfigurationIsVisible = 0;
			defaultConfigurationName = Release;
		};
		3F4CEF022723100B00EB83A3 /* Build configuration list for PBXNativeTarget "Three Letter Word HackwichUITests" */ = {
			isa = XCConfigurationList;
			buildConfigurations = (
				3F4CEF032723100B00EB83A3 /* Debug */,
				3F4CEF042723100B00EB83A3 /* Release */,
			);
			defaultConfigurationIsVisible = 0;
			defaultConfigurationName = Release;
		};
/* End XCConfigurationList section */
	};
	rootObject = 3F4CEECF2723100200EB83A3 /* Project object */;
}
